[root]
name = "josephpd3"
version = "0.1.0"
dependencies = [
 "itertools 0.5.8 (registry+https://github.com/rust-lang/crates.io-index)",
]

[[package]]
name = "either"
version = "1.0.2"
source = "registry+https://github.com/rust-lang/crates.io-index"

[[package]]
name = "itertools"
version = "0.5.8"
source = "registry+https://github.com/rust-lang/crates.io-index"
dependencies = [
 "either 1.0.2 (registry+https://github.com/rust-lang/crates.io-index)",
]

[metadata]
"checksum either 1.0.2 (registry+https://github.com/rust-lang/crates.io-index)" = "3d2b503c86dad62aaf414ecf2b8c527439abedb3f8d812537f0b12bfd6f32a91"
"checksum itertools 0.5.8 (registry+https://github.com/rust-lang/crates.io-index)" = "c6946da472dbbcbd98c049050e8e587cc4ee26985992e582b1d74a35cb8a7020"
